
Microsoft Visual Studio Solution File, Format Version 12.00
# Visual Studio Version 16
VisualStudioVersion = 16.0.30204.135
MinimumVisualStudioVersion = 10.0.40219.1
Project("{FAE04EC0-301F-11D3-BF4B-00C04F79EFBC}") = "CS_LCD", "CS_LCD.csproj", "{12EF5180-8710-440C-9F42-2C7533A0E79A}"
EndProject
Global
	GlobalSection(SolutionConfigurationPlatforms) = preSolution
		Debug|Any CPU = Debug|Any CPU
		Release|Any CPU = Release|Any CPU
	EndGlobalSection
	GlobalSection(ProjectConfigurationPlatforms) = postSolution
		{12EF5180-8710-440C-9F42-2C7533A0E79A}.Debug|Any CPU.ActiveCfg = Debug|Any CPU
		{12EF5180-8710-440C-9F42-2C7533A0E79A}.Debug|Any CPU.Build.0 = Debug|Any CPU
		{12EF5180-8710-440C-9F42-2C7533A0E79A}.Release|Any CPU.ActiveCfg = Release|Any CPU
		{12EF5180-8710-440C-9F42-2C7533A0E79A}.Release|Any CPU.Build.0 = Release|Any CPU
	EndGlobalSection
	GlobalSection(SolutionProperties) = preSolution
		HideSolutionNode = FALSE
	EndGlobalSection
	GlobalSection(ExtensibilityGlobals) = postSolution
		SolutionGuid = {E63FC37D-0B45-47B2-A6F5-F5A58AD8F0FA}
	EndGlobalSection
EndGlobal
