
Microsoft Visual Studio Solution File, Format Version 12.00
# Visual Studio Version 16
VisualStudioVersion = 16.0.30204.135
MinimumVisualStudioVersion = 10.0.40219.1
Project("{9A19103F-16F7-4668-BE54-9A1E7A4F7556}") = "CS_LCD_MeadowTest", "CS_LCD_MeadowTest.csproj", "{20D4711E-8A7A-4B03-A473-6C5FA8AD2A5C}"
EndProject
Project("{FAE04EC0-301F-11D3-BF4B-00C04F79EFBC}") = "CS_LCD", "..\CS_LCD_Library\CS_LCD.csproj", "{12EF5180-8710-440C-9F42-2C7533A0E79A}"
EndProject
Global
	GlobalSection(SolutionConfigurationPlatforms) = preSolution
		Debug|Any CPU = Debug|Any CPU
		Release|Any CPU = Release|Any CPU
	EndGlobalSection
	GlobalSection(ProjectConfigurationPlatforms) = postSolution
		{20D4711E-8A7A-4B03-A473-6C5FA8AD2A5C}.Debug|Any CPU.ActiveCfg = Debug|Any CPU
		{20D4711E-8A7A-4B03-A473-6C5FA8AD2A5C}.Debug|Any CPU.Build.0 = Debug|Any CPU
		{20D4711E-8A7A-4B03-A473-6C5FA8AD2A5C}.Debug|Any CPU.Deploy.0 = Debug|Any CPU
		{20D4711E-8A7A-4B03-A473-6C5FA8AD2A5C}.Release|Any CPU.ActiveCfg = Release|Any CPU
		{20D4711E-8A7A-4B03-A473-6C5FA8AD2A5C}.Release|Any CPU.Build.0 = Release|Any CPU
		{20D4711E-8A7A-4B03-A473-6C5FA8AD2A5C}.Release|Any CPU.Deploy.0 = Release|Any CPU
		{12EF5180-8710-440C-9F42-2C7533A0E79A}.Debug|Any CPU.ActiveCfg = Debug|Any CPU
		{12EF5180-8710-440C-9F42-2C7533A0E79A}.Debug|Any CPU.Build.0 = Debug|Any CPU
		{12EF5180-8710-440C-9F42-2C7533A0E79A}.Release|Any CPU.ActiveCfg = Release|Any CPU
		{12EF5180-8710-440C-9F42-2C7533A0E79A}.Release|Any CPU.Build.0 = Release|Any CPU
	EndGlobalSection
	GlobalSection(SolutionProperties) = preSolution
		HideSolutionNode = FALSE
	EndGlobalSection
	GlobalSection(ExtensibilityGlobals) = postSolution
		SolutionGuid = {3F8EF0B8-BAAE-45AA-9677-92EC4784219D}
	EndGlobalSection
EndGlobal
